{
  "version": 4,
  "terraform_version": "1.10.4",
  "serial": 5,
  "lineage": "8d013b4f-30a1-c348-b5ee-07b04a0c0d34",
  "outputs": {},
  "resources": [
    {
      "mode": "managed",
      "type": "aws_iam_instance_profile",
      "name": "ssm_instance_profile_f0214894-fd10-4f21-a79c-049e5f5eaefe",
      "provider": "provider[\"registry.terraform.io/hashicorp/aws\"]",
      "instances": [
        {
          "schema_version": 0,
          "attributes": {
            "arn": "arn:aws:iam::751057572977:instance-profile/ssm_instance_profile_f0214894-fd10-4f21-a79c-049e5f5eaefe",
            "create_date": "2025-02-17T10:13:53Z",
            "id": "ssm_instance_profile_f0214894-fd10-4f21-a79c-049e5f5eaefe",
            "name": "ssm_instance_profile_f0214894-fd10-4f21-a79c-049e5f5eaefe",
            "name_prefix": "",
            "path": "/",
            "role": "ssm_role_f0214894-fd10-4f21-a79c-049e5f5eaefe",
            "tags": null,
            "tags_all": {},
            "unique_id": "AIPA25XUFCRY3J6AGSNLI"
          },
          "sensitive_attributes": [],
          "private": "bnVsbA==",
          "dependencies": [
            "aws_iam_role.ssm_role_f0214894-fd10-4f21-a79c-049e5f5eaefe"
          ]
        }
      ]
    },
    {
      "mode": "managed",
      "type": "aws_iam_role",
      "name": "ssm_role_f0214894-fd10-4f21-a79c-049e5f5eaefe",
      "provider": "provider[\"registry.terraform.io/hashicorp/aws\"]",
      "instances": [
        {
          "schema_version": 0,
          "attributes": {
            "arn": "arn:aws:iam::751057572977:role/ssm_role_f0214894-fd10-4f21-a79c-049e5f5eaefe",
            "assume_role_policy": "{\"Statement\":[{\"Action\":\"sts:AssumeRole\",\"Effect\":\"Allow\",\"Principal\":{\"Service\":\"ec2.amazonaws.com\"}}],\"Version\":\"2012-10-17\"}",
            "create_date": "2025-02-17T10:13:51Z",
            "description": "",
            "force_detach_policies": false,
            "id": "ssm_role_f0214894-fd10-4f21-a79c-049e5f5eaefe",
            "inline_policy": [],
            "managed_policy_arns": [],
            "max_session_duration": 3600,
            "name": "ssm_role_f0214894-fd10-4f21-a79c-049e5f5eaefe",
            "name_prefix": "",
            "path": "/",
            "permissions_boundary": "",
            "tags": null,
            "tags_all": {},
            "unique_id": "AROA25XUFCRY4GQBMVAQ4"
          },
          "sensitive_attributes": [],
          "private": "bnVsbA=="
        }
      ]
    },
    {
      "mode": "managed",
      "type": "aws_iam_role_policy_attachment",
      "name": "ssm_role_attach_f0214894-fd10-4f21-a79c-049e5f5eaefe",
      "provider": "provider[\"registry.terraform.io/hashicorp/aws\"]",
      "instances": [
        {
          "schema_version": 0,
          "attributes": {
            "id": "ssm_role_f0214894-fd10-4f21-a79c-049e5f5eaefe-20250217101353688300000001",
            "policy_arn": "arn:aws:iam::aws:policy/AmazonSSMManagedInstanceCore",
            "role": "ssm_role_f0214894-fd10-4f21-a79c-049e5f5eaefe"
          },
          "sensitive_attributes": [],
          "private": "bnVsbA==",
          "dependencies": [
            "aws_iam_role.ssm_role_f0214894-fd10-4f21-a79c-049e5f5eaefe"
          ]
        }
      ]
    }
  ],
  "check_results": null
}
